
Microsoft Visual Studio Solution File, Format Version 12.00
# Visual Studio Version 16
VisualStudioVersion = 16.0.31729.503
MinimumVisualStudioVersion = 10.0.40219.1
Project("{FAE04EC0-301F-11D3-BF4B-00C04F79EFBC}") = "WebAPI", "WebAPI\WebAPI.csproj", "{08ED0D44-9BFF-42A5-85EF-C904DF385A89}"
EndProject
Project("{FAE04EC0-301F-11D3-BF4B-00C04F79EFBC}") = "Sandru_Carmen_Lab12.Android", "..\..\..\Desktop\FSEGA-sem 5\Medii de programare\Sandru_Carmen_Lab12\Sandru_Carmen_Lab12.Android\Sandru_Carmen_Lab12.Android.csproj", "{3B23F6F4-1329-4568-B3D0-800899C54958}"
EndProject
Project("{FAE04EC0-301F-11D3-BF4B-00C04F79EFBC}") = "Sandru_Carmen_Lab12.iOS", "..\..\..\Desktop\FSEGA-sem 5\Medii de programare\Sandru_Carmen_Lab12\Sandru_Carmen_Lab12.iOS\Sandru_Carmen_Lab12.iOS.csproj", "{029AE399-4F85-4C5E-BE02-D0ED5989A590}"
EndProject
Project("{FAE04EC0-301F-11D3-BF4B-00C04F79EFBC}") = "Sandru_Carmen_Lab12", "..\..\..\Desktop\FSEGA-sem 5\Medii de programare\Sandru_Carmen_Lab12\Sandru_Carmen_Lab12\Sandru_Carmen_Lab12.csproj", "{918FFDE8-31C6-45FF-8818-DD8D1336F45F}"
EndProject
Global
	GlobalSection(SolutionConfigurationPlatforms) = preSolution
		Debug|Any CPU = Debug|Any CPU
		Debug|iPhone = Debug|iPhone
		Debug|iPhoneSimulator = Debug|iPhoneSimulator
		Release|Any CPU = Release|Any CPU
		Release|iPhone = Release|iPhone
		Release|iPhoneSimulator = Release|iPhoneSimulator
	EndGlobalSection
	GlobalSection(ProjectConfigurationPlatforms) = postSolution
		{08ED0D44-9BFF-42A5-85EF-C904DF385A89}.Debug|Any CPU.ActiveCfg = Debug|Any CPU
		{08ED0D44-9BFF-42A5-85EF-C904DF385A89}.Debug|Any CPU.Build.0 = Debug|Any CPU
		{08ED0D44-9BFF-42A5-85EF-C904DF385A89}.Debug|iPhone.ActiveCfg = Debug|Any CPU
		{08ED0D44-9BFF-42A5-85EF-C904DF385A89}.Debug|iPhone.Build.0 = Debug|Any CPU
		{08ED0D44-9BFF-42A5-85EF-C904DF385A89}.Debug|iPhoneSimulator.ActiveCfg = Debug|Any CPU
		{08ED0D44-9BFF-42A5-85EF-C904DF385A89}.Debug|iPhoneSimulator.Build.0 = Debug|Any CPU
		{08ED0D44-9BFF-42A5-85EF-C904DF385A89}.Release|Any CPU.ActiveCfg = Release|Any CPU
		{08ED0D44-9BFF-42A5-85EF-C904DF385A89}.Release|Any CPU.Build.0 = Release|Any CPU
		{08ED0D44-9BFF-42A5-85EF-C904DF385A89}.Release|iPhone.ActiveCfg = Release|Any CPU
		{08ED0D44-9BFF-42A5-85EF-C904DF385A89}.Release|iPhone.Build.0 = Release|Any CPU
		{08ED0D44-9BFF-42A5-85EF-C904DF385A89}.Release|iPhoneSimulator.ActiveCfg = Release|Any CPU
		{08ED0D44-9BFF-42A5-85EF-C904DF385A89}.Release|iPhoneSimulator.Build.0 = Release|Any CPU
		{3B23F6F4-1329-4568-B3D0-800899C54958}.Debug|Any CPU.ActiveCfg = Debug|Any CPU
		{3B23F6F4-1329-4568-B3D0-800899C54958}.Debug|Any CPU.Build.0 = Debug|Any CPU
		{3B23F6F4-1329-4568-B3D0-800899C54958}.Debug|Any CPU.Deploy.0 = Debug|Any CPU
		{3B23F6F4-1329-4568-B3D0-800899C54958}.Debug|iPhone.ActiveCfg = Debug|Any CPU
		{3B23F6F4-1329-4568-B3D0-800899C54958}.Debug|iPhone.Build.0 = Debug|Any CPU
		{3B23F6F4-1329-4568-B3D0-800899C54958}.Debug|iPhone.Deploy.0 = Debug|Any CPU
		{3B23F6F4-1329-4568-B3D0-800899C54958}.Debug|iPhoneSimulator.ActiveCfg = Debug|Any CPU
		{3B23F6F4-1329-4568-B3D0-800899C54958}.Debug|iPhoneSimulator.Build.0 = Debug|Any CPU
		{3B23F6F4-1329-4568-B3D0-800899C54958}.Debug|iPhoneSimulator.Deploy.0 = Debug|Any CPU
		{3B23F6F4-1329-4568-B3D0-800899C54958}.Release|Any CPU.ActiveCfg = Release|Any CPU
		{3B23F6F4-1329-4568-B3D0-800899C54958}.Release|Any CPU.Build.0 = Release|Any CPU
		{3B23F6F4-1329-4568-B3D0-800899C54958}.Release|Any CPU.Deploy.0 = Release|Any CPU
		{3B23F6F4-1329-4568-B3D0-800899C54958}.Release|iPhone.ActiveCfg = Release|Any CPU
		{3B23F6F4-1329-4568-B3D0-800899C54958}.Release|iPhone.Build.0 = Release|Any CPU
		{3B23F6F4-1329-4568-B3D0-800899C54958}.Release|iPhone.Deploy.0 = Release|Any CPU
		{3B23F6F4-1329-4568-B3D0-800899C54958}.Release|iPhoneSimulator.ActiveCfg = Release|Any CPU
		{3B23F6F4-1329-4568-B3D0-800899C54958}.Release|iPhoneSimulator.Build.0 = Release|Any CPU
		{3B23F6F4-1329-4568-B3D0-800899C54958}.Release|iPhoneSimulator.Deploy.0 = Release|Any CPU
		{029AE399-4F85-4C5E-BE02-D0ED5989A590}.Debug|Any CPU.ActiveCfg = Debug|iPhoneSimulator
		{029AE399-4F85-4C5E-BE02-D0ED5989A590}.Debug|iPhone.ActiveCfg = Debug|iPhone
		{029AE399-4F85-4C5E-BE02-D0ED5989A590}.Debug|iPhone.Build.0 = Debug|iPhone
		{029AE399-4F85-4C5E-BE02-D0ED5989A590}.Debug|iPhoneSimulator.ActiveCfg = Debug|iPhoneSimulator
		{029AE399-4F85-4C5E-BE02-D0ED5989A590}.Debug|iPhoneSimulator.Build.0 = Debug|iPhoneSimulator
		{029AE399-4F85-4C5E-BE02-D0ED5989A590}.Release|Any CPU.ActiveCfg = Release|iPhoneSimulator
		{029AE399-4F85-4C5E-BE02-D0ED5989A590}.Release|iPhone.ActiveCfg = Release|iPhone
		{029AE399-4F85-4C5E-BE02-D0ED5989A590}.Release|iPhone.Build.0 = Release|iPhone
		{029AE399-4F85-4C5E-BE02-D0ED5989A590}.Release|iPhoneSimulator.ActiveCfg = Release|iPhoneSimulator
		{029AE399-4F85-4C5E-BE02-D0ED5989A590}.Release|iPhoneSimulator.Build.0 = Release|iPhoneSimulator
		{918FFDE8-31C6-45FF-8818-DD8D1336F45F}.Debug|Any CPU.ActiveCfg = Debug|Any CPU
		{918FFDE8-31C6-45FF-8818-DD8D1336F45F}.Debug|Any CPU.Build.0 = Debug|Any CPU
		{918FFDE8-31C6-45FF-8818-DD8D1336F45F}.Debug|iPhone.ActiveCfg = Debug|Any CPU
		{918FFDE8-31C6-45FF-8818-DD8D1336F45F}.Debug|iPhone.Build.0 = Debug|Any CPU
		{918FFDE8-31C6-45FF-8818-DD8D1336F45F}.Debug|iPhoneSimulator.ActiveCfg = Debug|Any CPU
		{918FFDE8-31C6-45FF-8818-DD8D1336F45F}.Debug|iPhoneSimulator.Build.0 = Debug|Any CPU
		{918FFDE8-31C6-45FF-8818-DD8D1336F45F}.Release|Any CPU.ActiveCfg = Release|Any CPU
		{918FFDE8-31C6-45FF-8818-DD8D1336F45F}.Release|Any CPU.Build.0 = Release|Any CPU
		{918FFDE8-31C6-45FF-8818-DD8D1336F45F}.Release|iPhone.ActiveCfg = Release|Any CPU
		{918FFDE8-31C6-45FF-8818-DD8D1336F45F}.Release|iPhone.Build.0 = Release|Any CPU
		{918FFDE8-31C6-45FF-8818-DD8D1336F45F}.Release|iPhoneSimulator.ActiveCfg = Release|Any CPU
		{918FFDE8-31C6-45FF-8818-DD8D1336F45F}.Release|iPhoneSimulator.Build.0 = Release|Any CPU
	EndGlobalSection
	GlobalSection(SolutionProperties) = preSolution
		HideSolutionNode = FALSE
	EndGlobalSection
	GlobalSection(ExtensibilityGlobals) = postSolution
		SolutionGuid = {B162BCBF-2716-4281-B6CB-5AF99D988FEA}
	EndGlobalSection
EndGlobal
